
Microsoft Visual Studio Solution File, Format Version 12.00
# Visual Studio Version 17
VisualStudioVersion = 17.5.002.0
MinimumVisualStudioVersion = 10.0.40219.1
Project("{9A19103F-16F7-4668-BE54-9A1E7A4F7556}") = "code39", "code39.csproj", "{FF86CBB4-39E5-485A-ADC9-4E87D6A1C58F}"
EndProject
Global
	GlobalSection(SolutionConfigurationPlatforms) = preSolution
		Debug|Any CPU = Debug|Any CPU
		Release|Any CPU = Release|Any CPU
	EndGlobalSection
	GlobalSection(ProjectConfigurationPlatforms) = postSolution
		{FF86CBB4-39E5-485A-ADC9-4E87D6A1C58F}.Debug|Any CPU.ActiveCfg = Debug|Any CPU
		{FF86CBB4-39E5-485A-ADC9-4E87D6A1C58F}.Debug|Any CPU.Build.0 = Debug|Any CPU
		{FF86CBB4-39E5-485A-ADC9-4E87D6A1C58F}.Release|Any CPU.ActiveCfg = Release|Any CPU
		{FF86CBB4-39E5-485A-ADC9-4E87D6A1C58F}.Release|Any CPU.Build.0 = Release|Any CPU
	EndGlobalSection
	GlobalSection(SolutionProperties) = preSolution
		HideSolutionNode = FALSE
	EndGlobalSection
	GlobalSection(ExtensibilityGlobals) = postSolution
		SolutionGuid = {EC2A161B-D4DF-45B8-B374-E34C9956619B}
	EndGlobalSection
EndGlobal
